
Microsoft Visual Studio Solution File, Format Version 12.00
# Visual Studio Version 16
VisualStudioVersion = 16.0.29001.49
MinimumVisualStudioVersion = 10.0.40219.1
Project("{FAE04EC0-301F-11D3-BF4B-00C04F79EFBC}") = "Project GCA 4.0", "Project GCA 4.0\Project GCA 4.0.csproj", "{CFCA776B-BF0D-4704-B3C8-BC4ECAE9958E}"
EndProject
Global
	GlobalSection(SolutionConfigurationPlatforms) = preSolution
		Debug|Any CPU = Debug|Any CPU
		Release|Any CPU = Release|Any CPU
	EndGlobalSection
	GlobalSection(ProjectConfigurationPlatforms) = postSolution
		{CFCA776B-BF0D-4704-B3C8-BC4ECAE9958E}.Debug|Any CPU.ActiveCfg = Debug|Any CPU
		{CFCA776B-BF0D-4704-B3C8-BC4ECAE9958E}.Debug|Any CPU.Build.0 = Debug|Any CPU
		{CFCA776B-BF0D-4704-B3C8-BC4ECAE9958E}.Release|Any CPU.ActiveCfg = Release|Any CPU
		{CFCA776B-BF0D-4704-B3C8-BC4ECAE9958E}.Release|Any CPU.Build.0 = Release|Any CPU
	EndGlobalSection
	GlobalSection(SolutionProperties) = preSolution
		HideSolutionNode = FALSE
	EndGlobalSection
	GlobalSection(ExtensibilityGlobals) = postSolution
		SolutionGuid = {68AE5120-92FE-4973-92BA-503996BD3F0A}
	EndGlobalSection
EndGlobal
